
Microsoft Visual Studio Solution File, Format Version 12.00
# Visual Studio Version 17
VisualStudioVersion = 17.11.35312.102
MinimumVisualStudioVersion = 10.0.40219.1
Project("{FAE04EC0-301F-11D3-BF4B-00C04F79EFBC}") = "CustomControlsLib", "CustomControlsLib\CustomControlsLib.csproj", "{0990CFC4-EF41-479B-B965-6A98D6978BA0}"
EndProject
Global
	GlobalSection(SolutionConfigurationPlatforms) = preSolution
		Debug|Any CPU = Debug|Any CPU
		Release|Any CPU = Release|Any CPU
	EndGlobalSection
	GlobalSection(ProjectConfigurationPlatforms) = postSolution
		{0990CFC4-EF41-479B-B965-6A98D6978BA0}.Debug|Any CPU.ActiveCfg = Debug|Any CPU
		{0990CFC4-EF41-479B-B965-6A98D6978BA0}.Debug|Any CPU.Build.0 = Debug|Any CPU
		{0990CFC4-EF41-479B-B965-6A98D6978BA0}.Release|Any CPU.ActiveCfg = Release|Any CPU
		{0990CFC4-EF41-479B-B965-6A98D6978BA0}.Release|Any CPU.Build.0 = Release|Any CPU
	EndGlobalSection
	GlobalSection(SolutionProperties) = preSolution
		HideSolutionNode = FALSE
	EndGlobalSection
	GlobalSection(ExtensibilityGlobals) = postSolution
		SolutionGuid = {74A19770-DD88-425E-9D85-723AB4782600}
	EndGlobalSection
EndGlobal
